
Microsoft Visual Studio Solution File, Format Version 12.00
# Visual Studio Version 17
VisualStudioVersion = 17.5.002.0
MinimumVisualStudioVersion = 10.0.40219.1
Project("{9A19103F-16F7-4668-BE54-9A1E7A4F7556}") = "ExemploFundamentos", "ExemploFundamentos.csproj", "{BDDEDBED-8151-4A01-B25A-B4B53F80198B}"
EndProject
Global
	GlobalSection(SolutionConfigurationPlatforms) = preSolution
		Debug|Any CPU = Debug|Any CPU
		Release|Any CPU = Release|Any CPU
	EndGlobalSection
	GlobalSection(ProjectConfigurationPlatforms) = postSolution
		{BDDEDBED-8151-4A01-B25A-B4B53F80198B}.Debug|Any CPU.ActiveCfg = Debug|Any CPU
		{BDDEDBED-8151-4A01-B25A-B4B53F80198B}.Debug|Any CPU.Build.0 = Debug|Any CPU
		{BDDEDBED-8151-4A01-B25A-B4B53F80198B}.Release|Any CPU.ActiveCfg = Release|Any CPU
		{BDDEDBED-8151-4A01-B25A-B4B53F80198B}.Release|Any CPU.Build.0 = Release|Any CPU
	EndGlobalSection
	GlobalSection(SolutionProperties) = preSolution
		HideSolutionNode = FALSE
	EndGlobalSection
	GlobalSection(ExtensibilityGlobals) = postSolution
		SolutionGuid = {DC794ED7-0D14-4243-98E3-BC8B04BB7E39}
	EndGlobalSection
EndGlobal
