
Microsoft Visual Studio Solution File, Format Version 12.00
# Visual Studio Version 17
VisualStudioVersion = 17.5.002.0
MinimumVisualStudioVersion = 10.0.40219.1
Project("{9A19103F-16F7-4668-BE54-9A1E7A4F7556}") = "calculadora", "Calculadora\calculadora.csproj", "{BD4C4A3D-378C-4FBA-917C-DE2A8A3E163F}"
EndProject
Project("{9A19103F-16F7-4668-BE54-9A1E7A4F7556}") = "calculadoraTestes", "CalculadoraTestes\calculadoraTEstes.csproj", "{F8DDD49C-584A-4606-AB1F-38F4BCA257DB}"
EndProject
Global
	GlobalSection(SolutionConfigurationPlatforms) = preSolution
		Debug|Any CPU = Debug|Any CPU
		Release|Any CPU = Release|Any CPU
	EndGlobalSection
	GlobalSection(ProjectConfigurationPlatforms) = postSolution
		{BD4C4A3D-378C-4FBA-917C-DE2A8A3E163F}.Debug|Any CPU.ActiveCfg = Debug|Any CPU
		{BD4C4A3D-378C-4FBA-917C-DE2A8A3E163F}.Debug|Any CPU.Build.0 = Debug|Any CPU
		{BD4C4A3D-378C-4FBA-917C-DE2A8A3E163F}.Release|Any CPU.ActiveCfg = Release|Any CPU
		{BD4C4A3D-378C-4FBA-917C-DE2A8A3E163F}.Release|Any CPU.Build.0 = Release|Any CPU
		{F8DDD49C-584A-4606-AB1F-38F4BCA257DB}.Debug|Any CPU.ActiveCfg = Debug|Any CPU
		{F8DDD49C-584A-4606-AB1F-38F4BCA257DB}.Debug|Any CPU.Build.0 = Debug|Any CPU
		{F8DDD49C-584A-4606-AB1F-38F4BCA257DB}.Release|Any CPU.ActiveCfg = Release|Any CPU
		{F8DDD49C-584A-4606-AB1F-38F4BCA257DB}.Release|Any CPU.Build.0 = Release|Any CPU
	EndGlobalSection
	GlobalSection(SolutionProperties) = preSolution
		HideSolutionNode = FALSE
	EndGlobalSection
	GlobalSection(ExtensibilityGlobals) = postSolution
		SolutionGuid = {A3023E60-ADC5-4568-87C6-D36D140977DF}
	EndGlobalSection
EndGlobal
